
Microsoft Visual Studio Solution File, Format Version 12.00
# Visual Studio Version 17
VisualStudioVersion = 17.7.34221.43
MinimumVisualStudioVersion = 10.0.40219.1
Project("{FAE04EC0-301F-11D3-BF4B-00C04F79EFBC}") = "pis1", "pis1\pis1.csproj", "{20C64DD6-C2EE-488A-AC22-EFD9E735B533}"
EndProject
Global
	GlobalSection(SolutionConfigurationPlatforms) = preSolution
		Debug|Any CPU = Debug|Any CPU
		Release|Any CPU = Release|Any CPU
	EndGlobalSection
	GlobalSection(ProjectConfigurationPlatforms) = postSolution
		{20C64DD6-C2EE-488A-AC22-EFD9E735B533}.Debug|Any CPU.ActiveCfg = Debug|Any CPU
		{20C64DD6-C2EE-488A-AC22-EFD9E735B533}.Debug|Any CPU.Build.0 = Debug|Any CPU
		{20C64DD6-C2EE-488A-AC22-EFD9E735B533}.Release|Any CPU.ActiveCfg = Release|Any CPU
		{20C64DD6-C2EE-488A-AC22-EFD9E735B533}.Release|Any CPU.Build.0 = Release|Any CPU
	EndGlobalSection
	GlobalSection(SolutionProperties) = preSolution
		HideSolutionNode = FALSE
	EndGlobalSection
	GlobalSection(ExtensibilityGlobals) = postSolution
		SolutionGuid = {3FE37F25-02E9-43C4-90E1-9565C4135F6E}
	EndGlobalSection
EndGlobal
